
Microsoft Visual Studio Solution File, Format Version 12.00
# Visual Studio Version 16
VisualStudioVersion = 16.0.29009.5
MinimumVisualStudioVersion = 10.0.40219.1
Project("{FAE04EC0-301F-11D3-BF4B-00C04F79EFBC}") = "SampleHttpClient", "SampleHttpClient\SampleHttpClient.csproj", "{0F87BB52-11CC-4BD4-A99D-6E58AB6A6578}"
EndProject
Global
	GlobalSection(SolutionConfigurationPlatforms) = preSolution
		Debug|Any CPU = Debug|Any CPU
		Release|Any CPU = Release|Any CPU
	EndGlobalSection
	GlobalSection(ProjectConfigurationPlatforms) = postSolution
		{0F87BB52-11CC-4BD4-A99D-6E58AB6A6578}.Debug|Any CPU.ActiveCfg = Debug|Any CPU
		{0F87BB52-11CC-4BD4-A99D-6E58AB6A6578}.Debug|Any CPU.Build.0 = Debug|Any CPU
		{0F87BB52-11CC-4BD4-A99D-6E58AB6A6578}.Release|Any CPU.ActiveCfg = Release|Any CPU
		{0F87BB52-11CC-4BD4-A99D-6E58AB6A6578}.Release|Any CPU.Build.0 = Release|Any CPU
	EndGlobalSection
	GlobalSection(SolutionProperties) = preSolution
		HideSolutionNode = FALSE
	EndGlobalSection
	GlobalSection(ExtensibilityGlobals) = postSolution
		SolutionGuid = {973414F4-8497-4F04-8AB8-9631904132E8}
	EndGlobalSection
EndGlobal
